
Microsoft Visual Studio Solution File, Format Version 12.00
# Visual Studio Version 17
VisualStudioVersion = 17.3.32922.545
MinimumVisualStudioVersion = 10.0.40219.1
Project("{FAE04EC0-301F-11D3-BF4B-00C04F79EFBC}") = "ColorMixerApp-2023-autumn", "ColorMixerApp-2023-autumn.csproj", "{B3FD889F-75FE-4357-BB24-1E91C611B33B}"
EndProject
Global
	GlobalSection(SolutionConfigurationPlatforms) = preSolution
		Debug|Any CPU = Debug|Any CPU
		Release|Any CPU = Release|Any CPU
	EndGlobalSection
	GlobalSection(ProjectConfigurationPlatforms) = postSolution
		{B3FD889F-75FE-4357-BB24-1E91C611B33B}.Debug|Any CPU.ActiveCfg = Debug|Any CPU
		{B3FD889F-75FE-4357-BB24-1E91C611B33B}.Debug|Any CPU.Build.0 = Debug|Any CPU
		{B3FD889F-75FE-4357-BB24-1E91C611B33B}.Release|Any CPU.ActiveCfg = Release|Any CPU
		{B3FD889F-75FE-4357-BB24-1E91C611B33B}.Release|Any CPU.Build.0 = Release|Any CPU
	EndGlobalSection
	GlobalSection(SolutionProperties) = preSolution
		HideSolutionNode = FALSE
	EndGlobalSection
	GlobalSection(ExtensibilityGlobals) = postSolution
		SolutionGuid = {7F7D5975-AC53-4368-A740-C40CB83FA997}
	EndGlobalSection
EndGlobal
